
Microsoft Visual Studio Solution File, Format Version 12.00
# Visual Studio Version 16
VisualStudioVersion = 16.0.30011.22
MinimumVisualStudioVersion = 15.0.26124.0
Project("{9A19103F-16F7-4668-BE54-9A1E7A4F7556}") = "BremuGb", "BremuGb\BremuGb.csproj", "{979C33F9-BCEC-4B6C-9A53-3C89A2EEC01E}"
EndProject
Project("{9A19103F-16F7-4668-BE54-9A1E7A4F7556}") = "BremuGb.Cpu", "BremuGb.Cpu\BremuGb.Cpu.csproj", "{1BC0414A-E6F9-4A51-8788-A982560B47BF}"
EndProject
Project("{9A19103F-16F7-4668-BE54-9A1E7A4F7556}") = "BremuGb.Common", "BremuGb.Common\BremuGb.Common.csproj", "{742CAFF7-4509-4DAB-AAFD-C5A837D370FA}"
EndProject
Project("{9A19103F-16F7-4668-BE54-9A1E7A4F7556}") = "BremuGb.Memory", "BremuGb.Memory\BremuGb.Memory.csproj", "{44FE359E-4A15-484D-AE44-24832BB220D6}"
EndProject
Project("{FAE04EC0-301F-11D3-BF4B-00C04F79EFBC}") = "BremuGb.Video", "BremuGb.Video\BremuGb.Video.csproj", "{99A5F497-EB7F-48EC-8D01-D6FBC17BFEFC}"
EndProject
Project("{FAE04EC0-301F-11D3-BF4B-00C04F79EFBC}") = "BremuGb.Audio", "BremuGb.Audio\BremuGb.Audio.csproj", "{6A4B0698-68AE-4979-8984-439F1CBB1C67}"
EndProject
Global
	GlobalSection(SolutionConfigurationPlatforms) = preSolution
		Debug|Any CPU = Debug|Any CPU
		Debug|x64 = Debug|x64
		Debug|x86 = Debug|x86
		Release|Any CPU = Release|Any CPU
		Release|x64 = Release|x64
		Release|x86 = Release|x86
	EndGlobalSection
	GlobalSection(ProjectConfigurationPlatforms) = postSolution
		{979C33F9-BCEC-4B6C-9A53-3C89A2EEC01E}.Debug|Any CPU.ActiveCfg = Debug|Any CPU
		{979C33F9-BCEC-4B6C-9A53-3C89A2EEC01E}.Debug|Any CPU.Build.0 = Debug|Any CPU
		{979C33F9-BCEC-4B6C-9A53-3C89A2EEC01E}.Debug|x64.ActiveCfg = Debug|Any CPU
		{979C33F9-BCEC-4B6C-9A53-3C89A2EEC01E}.Debug|x64.Build.0 = Debug|Any CPU
		{979C33F9-BCEC-4B6C-9A53-3C89A2EEC01E}.Debug|x86.ActiveCfg = Debug|Any CPU
		{979C33F9-BCEC-4B6C-9A53-3C89A2EEC01E}.Debug|x86.Build.0 = Debug|Any CPU
		{979C33F9-BCEC-4B6C-9A53-3C89A2EEC01E}.Release|Any CPU.ActiveCfg = Release|Any CPU
		{979C33F9-BCEC-4B6C-9A53-3C89A2EEC01E}.Release|Any CPU.Build.0 = Release|Any CPU
		{979C33F9-BCEC-4B6C-9A53-3C89A2EEC01E}.Release|x64.ActiveCfg = Release|Any CPU
		{979C33F9-BCEC-4B6C-9A53-3C89A2EEC01E}.Release|x64.Build.0 = Release|Any CPU
		{979C33F9-BCEC-4B6C-9A53-3C89A2EEC01E}.Release|x86.ActiveCfg = Release|Any CPU
		{979C33F9-BCEC-4B6C-9A53-3C89A2EEC01E}.Release|x86.Build.0 = Release|Any CPU
		{1BC0414A-E6F9-4A51-8788-A982560B47BF}.Debug|Any CPU.ActiveCfg = Debug|Any CPU
		{1BC0414A-E6F9-4A51-8788-A982560B47BF}.Debug|Any CPU.Build.0 = Debug|Any CPU
		{1BC0414A-E6F9-4A51-8788-A982560B47BF}.Debug|x64.ActiveCfg = Debug|Any CPU
		{1BC0414A-E6F9-4A51-8788-A982560B47BF}.Debug|x64.Build.0 = Debug|Any CPU
		{1BC0414A-E6F9-4A51-8788-A982560B47BF}.Debug|x86.ActiveCfg = Debug|Any CPU
		{1BC0414A-E6F9-4A51-8788-A982560B47BF}.Debug|x86.Build.0 = Debug|Any CPU
		{1BC0414A-E6F9-4A51-8788-A982560B47BF}.Release|Any CPU.ActiveCfg = Release|Any CPU
		{1BC0414A-E6F9-4A51-8788-A982560B47BF}.Release|Any CPU.Build.0 = Release|Any CPU
		{1BC0414A-E6F9-4A51-8788-A982560B47BF}.Release|x64.ActiveCfg = Release|Any CPU
		{1BC0414A-E6F9-4A51-8788-A982560B47BF}.Release|x64.Build.0 = Release|Any CPU
		{1BC0414A-E6F9-4A51-8788-A982560B47BF}.Release|x86.ActiveCfg = Release|Any CPU
		{1BC0414A-E6F9-4A51-8788-A982560B47BF}.Release|x86.Build.0 = Release|Any CPU
		{742CAFF7-4509-4DAB-AAFD-C5A837D370FA}.Debug|Any CPU.ActiveCfg = Debug|Any CPU
		{742CAFF7-4509-4DAB-AAFD-C5A837D370FA}.Debug|Any CPU.Build.0 = Debug|Any CPU
		{742CAFF7-4509-4DAB-AAFD-C5A837D370FA}.Debug|x64.ActiveCfg = Debug|Any CPU
		{742CAFF7-4509-4DAB-AAFD-C5A837D370FA}.Debug|x64.Build.0 = Debug|Any CPU
		{742CAFF7-4509-4DAB-AAFD-C5A837D370FA}.Debug|x86.ActiveCfg = Debug|Any CPU
		{742CAFF7-4509-4DAB-AAFD-C5A837D370FA}.Debug|x86.Build.0 = Debug|Any CPU
		{742CAFF7-4509-4DAB-AAFD-C5A837D370FA}.Release|Any CPU.ActiveCfg = Release|Any CPU
		{742CAFF7-4509-4DAB-AAFD-C5A837D370FA}.Release|Any CPU.Build.0 = Release|Any CPU
		{742CAFF7-4509-4DAB-AAFD-C5A837D370FA}.Release|x64.ActiveCfg = Release|Any CPU
		{742CAFF7-4509-4DAB-AAFD-C5A837D370FA}.Release|x64.Build.0 = Release|Any CPU
		{742CAFF7-4509-4DAB-AAFD-C5A837D370FA}.Release|x86.ActiveCfg = Release|Any CPU
		{742CAFF7-4509-4DAB-AAFD-C5A837D370FA}.Release|x86.Build.0 = Release|Any CPU
		{44FE359E-4A15-484D-AE44-24832BB220D6}.Debug|Any CPU.ActiveCfg = Debug|Any CPU
		{44FE359E-4A15-484D-AE44-24832BB220D6}.Debug|Any CPU.Build.0 = Debug|Any CPU
		{44FE359E-4A15-484D-AE44-24832BB220D6}.Debug|x64.ActiveCfg = Debug|Any CPU
		{44FE359E-4A15-484D-AE44-24832BB220D6}.Debug|x64.Build.0 = Debug|Any CPU
		{44FE359E-4A15-484D-AE44-24832BB220D6}.Debug|x86.ActiveCfg = Debug|Any CPU
		{44FE359E-4A15-484D-AE44-24832BB220D6}.Debug|x86.Build.0 = Debug|Any CPU
		{44FE359E-4A15-484D-AE44-24832BB220D6}.Release|Any CPU.ActiveCfg = Release|Any CPU
		{44FE359E-4A15-484D-AE44-24832BB220D6}.Release|Any CPU.Build.0 = Release|Any CPU
		{44FE359E-4A15-484D-AE44-24832BB220D6}.Release|x64.ActiveCfg = Release|Any CPU
		{44FE359E-4A15-484D-AE44-24832BB220D6}.Release|x64.Build.0 = Release|Any CPU
		{44FE359E-4A15-484D-AE44-24832BB220D6}.Release|x86.ActiveCfg = Release|Any CPU
		{44FE359E-4A15-484D-AE44-24832BB220D6}.Release|x86.Build.0 = Release|Any CPU
		{99A5F497-EB7F-48EC-8D01-D6FBC17BFEFC}.Debug|Any CPU.ActiveCfg = Debug|Any CPU
		{99A5F497-EB7F-48EC-8D01-D6FBC17BFEFC}.Debug|Any CPU.Build.0 = Debug|Any CPU
		{99A5F497-EB7F-48EC-8D01-D6FBC17BFEFC}.Debug|x64.ActiveCfg = Debug|Any CPU
		{99A5F497-EB7F-48EC-8D01-D6FBC17BFEFC}.Debug|x64.Build.0 = Debug|Any CPU
		{99A5F497-EB7F-48EC-8D01-D6FBC17BFEFC}.Debug|x86.ActiveCfg = Debug|Any CPU
		{99A5F497-EB7F-48EC-8D01-D6FBC17BFEFC}.Debug|x86.Build.0 = Debug|Any CPU
		{99A5F497-EB7F-48EC-8D01-D6FBC17BFEFC}.Release|Any CPU.ActiveCfg = Release|Any CPU
		{99A5F497-EB7F-48EC-8D01-D6FBC17BFEFC}.Release|Any CPU.Build.0 = Release|Any CPU
		{99A5F497-EB7F-48EC-8D01-D6FBC17BFEFC}.Release|x64.ActiveCfg = Release|Any CPU
		{99A5F497-EB7F-48EC-8D01-D6FBC17BFEFC}.Release|x64.Build.0 = Release|Any CPU
		{99A5F497-EB7F-48EC-8D01-D6FBC17BFEFC}.Release|x86.ActiveCfg = Release|Any CPU
		{99A5F497-EB7F-48EC-8D01-D6FBC17BFEFC}.Release|x86.Build.0 = Release|Any CPU
		{6A4B0698-68AE-4979-8984-439F1CBB1C67}.Debug|Any CPU.ActiveCfg = Debug|Any CPU
		{6A4B0698-68AE-4979-8984-439F1CBB1C67}.Debug|Any CPU.Build.0 = Debug|Any CPU
		{6A4B0698-68AE-4979-8984-439F1CBB1C67}.Debug|x64.ActiveCfg = Debug|Any CPU
		{6A4B0698-68AE-4979-8984-439F1CBB1C67}.Debug|x64.Build.0 = Debug|Any CPU
		{6A4B0698-68AE-4979-8984-439F1CBB1C67}.Debug|x86.ActiveCfg = Debug|Any CPU
		{6A4B0698-68AE-4979-8984-439F1CBB1C67}.Debug|x86.Build.0 = Debug|Any CPU
		{6A4B0698-68AE-4979-8984-439F1CBB1C67}.Release|Any CPU.ActiveCfg = Release|Any CPU
		{6A4B0698-68AE-4979-8984-439F1CBB1C67}.Release|Any CPU.Build.0 = Release|Any CPU
		{6A4B0698-68AE-4979-8984-439F1CBB1C67}.Release|x64.ActiveCfg = Release|Any CPU
		{6A4B0698-68AE-4979-8984-439F1CBB1C67}.Release|x64.Build.0 = Release|Any CPU
		{6A4B0698-68AE-4979-8984-439F1CBB1C67}.Release|x86.ActiveCfg = Release|Any CPU
		{6A4B0698-68AE-4979-8984-439F1CBB1C67}.Release|x86.Build.0 = Release|Any CPU
	EndGlobalSection
	GlobalSection(SolutionProperties) = preSolution
		HideSolutionNode = FALSE
	EndGlobalSection
	GlobalSection(ExtensibilityGlobals) = postSolution
		SolutionGuid = {5500CE82-BB84-49C3-B334-C59F2488C79C}
	EndGlobalSection
EndGlobal
